{
    "_meta": {
        "hash": {
            "sha256": "1dcc0adf6018418d109d7d34a2000adf68716acc50213f30cdb3eb5432bd4106"
        },
        "pipfile-spec": 6,
        "requires": {
            "python_version": "3.10"
        },
        "sources": [
            {
                "name": "pypi",
                "url": "https://pypi.org/simple",
                "verify_ssl": true
            }
        ]
    },
    "default": {
        "asgiref": {
            "hashes": [
                "sha256:89b2ef2247e3b562a16eef663bc0e2e703ec6468e2fa8a5cd61cd449786d4f6e",
                "sha256:9e0ce3aa93a819ba5b45120216b23878cf6e8525eb3848653452b4192b92afed"
            ],
            "markers": "python_version >= '3.7'",
            "version": "==3.7.2"
        },
        "brotli": {
            "hashes": [
                "sha256:03d20af184290887bdea3f0f78c4f737d126c74dc2f3ccadf07e54ceca3bf208",
                "sha256:0541e747cce78e24ea12d69176f6a7ddb690e62c425e01d31cc065e69ce55b48",
                "sha256:069a121ac97412d1fe506da790b3e69f52254b9df4eb665cd42460c837193354",
                "sha256:0b63b949ff929fbc2d6d3ce0e924c9b93c9785d877a21a1b678877ffbbc4423a",
                "sha256:0c6244521dda65ea562d5a69b9a26120769b7a9fb3db2fe9545935ed6735b128",
                "sha256:11d00ed0a83fa22d29bc6b64ef636c4552ebafcef57154b4ddd132f5638fbd1c",
                "sha256:141bd4d93984070e097521ed07e2575b46f817d08f9fa42b16b9b5f27b5ac088",
                "sha256:19c116e796420b0cee3da1ccec3b764ed2952ccfcc298b55a10e5610ad7885f9",
                "sha256:1ab4fbee0b2d9098c74f3057b2bc055a8bd92ccf02f65944a241b4349229185a",
                "sha256:1ae56aca0402a0f9a3431cddda62ad71666ca9d4dc3a10a142b9dce2e3c0cda3",
                "sha256:224e57f6eac61cc449f498cc5f0e1725ba2071a3d4f48d5d9dffba42db196438",
                "sha256:22fc2a8549ffe699bfba2256ab2ed0421a7b8fadff114a3d201794e45a9ff578",
                "sha256:23032ae55523cc7bccb4f6a0bf368cd25ad9bcdcc1990b64a647e7bbcce9cb5b",
                "sha256:2333e30a5e00fe0fe55903c8832e08ee9c3b1382aacf4db26664a16528d51b4b",
                "sha256:2954c1c23f81c2eaf0b0717d9380bd348578a94161a65b3a2afc62c86467dd68",
                "sha256:2de9d02f5bda03d27ede52e8cfe7b865b066fa49258cbab568720aa5be80a47d",
                "sha256:30924eb4c57903d5a7526b08ef4a584acc22ab1ffa085faceb521521d2de32dd",
                "sha256:316cc9b17edf613ac76b1f1f305d2a748f1b976b033b049a6ecdfd5612c70409",
                "sha256:38025d9f30cf4634f8309c6874ef871b841eb3c347e90b0851f63d1ded5212da",
                "sha256:39da8adedf6942d76dc3e46653e52df937a3c4d6d18fdc94a7c29d263b1f5b50",
                "sha256:3d7954194c36e304e1523f55d7042c59dc53ec20dd4e9ea9d151f1b62b4415c0",
                "sha256:4093c631e96fdd49e0377a9c167bfd75b6d0bad2ace734c6eb20b348bc3ea180",
                "sha256:43ce1b9935bfa1ede40028054d7f48b5469cd02733a365eec8a329ffd342915d",
                "sha256:4d4a848d1837973bf0f4b5e54e3bec977d99be36a7895c61abb659301b02c112",
                "sha256:4ed11165dd45ce798d99a136808a794a748d5dc38511303239d4e2363c0695dc",
                "sha256:510b5b1bfbe20e1a7b3baf5fed9e9451873559a976c1a78eebaa3b86c57b4265",
                "sha256:524f35912131cc2cabb00edfd8d573b07f2d9f21fa824bd3fb19725a9cf06327",
                "sha256:587ca6d3cef6e4e868102672d3bd9dc9698c309ba56d41c2b9c85bbb903cdb95",
                "sha256:5b3cc074004d968722f51e550b41a27be656ec48f8afaeeb45ebf65b561481dd",
                "sha256:5eeb539606f18a0b232d4ba45adccde4125592f3f636a6182b4a8a436548b914",
                "sha256:5f4d5ea15c9382135076d2fb28dde923352fe02951e66935a9efaac8f10e81b0",
                "sha256:5fb2ce4b8045c78ebbc7b8f3c15062e435d47e7393cc57c25115cfd49883747a",
                "sha256:6172447e1b368dcbc458925e5ddaf9113477b0ed542df258d84fa28fc45ceea7",
                "sha256:6c3020404e0b5eefd7c9485ccf8393cfb75ec38ce75586e046573c9dc29967a0",
                "sha256:70051525001750221daa10907c77830bc889cb6d865cc0b813d9db7fefc21451",
                "sha256:7905193081db9bfa73b1219140b3d315831cbff0d8941f22da695832f0dd188f",
                "sha256:7c4855522edb2e6ae7fdb58e07c3ba9111e7621a8956f481c68d5d979c93032e",
                "sha256:7e4c4629ddad63006efa0ef968c8e4751c5868ff0b1c5c40f76524e894c50248",
                "sha256:7f4bf76817c14aa98cc6697ac02f3972cb8c3da93e9ef16b9c66573a68014f91",
                "sha256:81de08ac11bcb85841e440c13611c00b67d3bf82698314928d0b676362546724",
                "sha256:861bf317735688269936f755fa136a99d1ed526883859f86e41a5d43c61d8966",
                "sha256:890b5a14ce214389b2cc36ce82f3093f96f4cc730c1cffdbefff77a7c71f2a97",
                "sha256:89f4988c7203739d48c6f806f1e87a1d96e0806d44f0fba61dba81392c9e474d",
                "sha256:8dadd1314583ec0bf2d1379f7008ad627cd6336625d6679cf2f8e67081b83acf",
                "sha256:901032ff242d479a0efa956d853d16875d42157f98951c0230f69e69f9c09bac",
                "sha256:906bc3a79de8c4ae5b86d3d75a8b77e44404b0f4261714306e3ad248d8ab0951",
                "sha256:919e32f147ae93a09fe064d77d5ebf4e35502a8df75c29fb05788528e330fe74",
                "sha256:929811df5462e182b13920da56c6e0284af407d1de637d8e536c5cd00a7daf60",
                "sha256:949f3b7c29912693cee0afcf09acd6ebc04c57af949d9bf77d6101ebb61e388c",
                "sha256:a090ca607cbb6a34b0391776f0cb48062081f5f60ddcce5d11838e67a01928d1",
                "sha256:a1fd8a29719ccce974d523580987b7f8229aeace506952fa9ce1d53a033873c8",
                "sha256:a37b8f0391212d29b3a91a799c8e4a2855e0576911cdfb2515487e30e322253d",
                "sha256:a3daabb76a78f829cafc365531c972016e4aa8d5b4bf60660ad8ecee19df7ccc",
                "sha256:a469274ad18dc0e4d316eefa616d1d0c2ff9da369af19fa6f3daa4f09671fd61",
                "sha256:a599669fd7c47233438a56936988a2478685e74854088ef5293802123b5b2460",
                "sha256:a743e5a28af5f70f9c080380a5f908d4d21d40e8f0e0c8901604d15cfa9ba751",
                "sha256:a77def80806c421b4b0af06f45d65a136e7ac0bdca3c09d9e2ea4e515367c7e9",
                "sha256:aac0411d20e345dc0920bdec5548e438e999ff68d77564d5e9463a7ca9d3e7b1",
                "sha256:ae15b066e5ad21366600ebec29a7ccbc86812ed267e4b28e860b8ca16a2bc474",
                "sha256:be36e3d172dc816333f33520154d708a2657ea63762ec16b62ece02ab5e4daf2",
                "sha256:c8146669223164fc87a7e3de9f81e9423c67a79d6b3447994dfb9c95da16e2d6",
                "sha256:c8fd5270e906eef71d4a8d19b7c6a43760c6abcfcc10c9101d14eb2357418de9",
                "sha256:caf9ee9a5775f3111642d33b86237b05808dafcd6268faa492250e9b78046eb2",
                "sha256:cdad5b9014d83ca68c25d2e9444e28e967ef16e80f6b436918c700c117a85467",
                "sha256:cdbc1fc1bc0bff1cef838eafe581b55bfbffaed4ed0318b724d0b71d4d377619",
                "sha256:ceb64bbc6eac5a140ca649003756940f8d6a7c444a68af170b3187623b43bebf",
                "sha256:d0c5516f0aed654134a2fc936325cc2e642f8a0e096d075209672eb321cff408",
                "sha256:d143fd47fad1db3d7c27a1b1d66162e855b5d50a89666af46e1679c496e8e579",
                "sha256:d192f0f30804e55db0d0e0a35d83a9fead0e9a359a9ed0285dbacea60cc10a84",
                "sha256:db85ecf4e609a48f4b29055f1e144231b90edc90af7481aa731ba2d059226b1b",
                "sha256:de6551e370ef19f8de1807d0a9aa2cdfdce2e85ce88b122fe9f6b2b076837e59",
                "sha256:e1140c64812cb9b06c922e77f1c26a75ec5e3f0fb2bf92cc8c58720dec276752",
                "sha256:e6a904cb26bfefc2f0a6f240bdf5233be78cd2488900a2f846f3c3ac8489ab80",
                "sha256:e84799f09591700a4154154cab9787452925578841a94321d5ee8fb9a9a328f0",
                "sha256:e93dfc1a1165e385cc8239fab7c036fb2cd8093728cbd85097b284d7b99249a2",
                "sha256:efa8b278894b14d6da122a72fefcebc28445f2d3f880ac59d46c90f4c13be9a3",
                "sha256:f0d8a7a6b5983c2496e364b969f0e526647a06b075d034f3297dc66f3b360c64",
                "sha256:f296c40e23065d0d6650c4aefe7470d2a25fffda489bcc3eb66083f3ac9f6643",
                "sha256:f66b5337fa213f1da0d9000bc8dc0cb5b896b726eefd9c6046f699b169c41b9e",
                "sha256:f733d788519c7e3e71f0855c96618720f5d3d60c3cb829d8bbb722dddce37985",
                "sha256:fce1473f3ccc4187f75b4690cfc922628aed4d3dd013d047f95a9b3919a86596",
                "sha256:fd5f17ff8f14003595ab414e45fce13d073e0762394f957182e69035c9f3d7c2",
                "sha256:fdc3ff3bfccdc6b9cc7c342c03aa2400683f0cb891d46e94b64a197910dc4064"
            ],
            "version": "==1.1.0"
        },
        "cffi": {
            "hashes": [
                "sha256:0c9ef6ff37e974b73c25eecc13952c55bceed9112be2d9d938ded8e856138bcc",
                "sha256:131fd094d1065b19540c3d72594260f118b231090295d8c34e19a7bbcf2e860a",
                "sha256:1b8ebc27c014c59692bb2664c7d13ce7a6e9a629be20e54e7271fa696ff2b417",
                "sha256:2c56b361916f390cd758a57f2e16233eb4f64bcbeee88a4881ea90fca14dc6ab",
                "sha256:2d92b25dbf6cae33f65005baf472d2c245c050b1ce709cc4588cdcdd5495b520",
                "sha256:31d13b0f99e0836b7ff893d37af07366ebc90b678b6664c955b54561fc36ef36",
                "sha256:32c68ef735dbe5857c810328cb2481e24722a59a2003018885514d4c09af9743",
                "sha256:3686dffb02459559c74dd3d81748269ffb0eb027c39a6fc99502de37d501faa8",
                "sha256:582215a0e9adbe0e379761260553ba11c58943e4bbe9c36430c4ca6ac74b15ed",
                "sha256:5b50bf3f55561dac5438f8e70bfcdfd74543fd60df5fa5f62d94e5867deca684",
                "sha256:5bf44d66cdf9e893637896c7faa22298baebcd18d1ddb6d2626a6e39793a1d56",
                "sha256:6602bc8dc6f3a9e02b6c22c4fc1e47aa50f8f8e6d3f78a5e16ac33ef5fefa324",
                "sha256:673739cb539f8cdaa07d92d02efa93c9ccf87e345b9a0b556e3ecc666718468d",
                "sha256:68678abf380b42ce21a5f2abde8efee05c114c2fdb2e9eef2efdb0257fba1235",
                "sha256:68e7c44931cc171c54ccb702482e9fc723192e88d25a0e133edd7aff8fcd1f6e",
                "sha256:6b3d6606d369fc1da4fd8c357d026317fbb9c9b75d36dc16e90e84c26854b088",
                "sha256:748dcd1e3d3d7cd5443ef03ce8685043294ad6bd7c02a38d1bd367cfd968e000",
                "sha256:7651c50c8c5ef7bdb41108b7b8c5a83013bfaa8a935590c5d74627c047a583c7",
                "sha256:7b78010e7b97fef4bee1e896df8a4bbb6712b7f05b7ef630f9d1da00f6444d2e",
                "sha256:7e61e3e4fa664a8588aa25c883eab612a188c725755afff6289454d6362b9673",
                "sha256:80876338e19c951fdfed6198e70bc88f1c9758b94578d5a7c4c91a87af3cf31c",
                "sha256:8895613bcc094d4a1b2dbe179d88d7fb4a15cee43c052e8885783fac397d91fe",
                "sha256:88e2b3c14bdb32e440be531ade29d3c50a1a59cd4e51b1dd8b0865c54ea5d2e2",
                "sha256:8f8e709127c6c77446a8c0a8c8bf3c8ee706a06cd44b1e827c3e6a2ee6b8c098",
                "sha256:9cb4a35b3642fc5c005a6755a5d17c6c8b6bcb6981baf81cea8bfbc8903e8ba8",
                "sha256:9f90389693731ff1f659e55c7d1640e2ec43ff725cc61b04b2f9c6d8d017df6a",
                "sha256:a09582f178759ee8128d9270cd1344154fd473bb77d94ce0aeb2a93ebf0feaf0",
                "sha256:a6a14b17d7e17fa0d207ac08642c8820f84f25ce17a442fd15e27ea18d67c59b",
                "sha256:a72e8961a86d19bdb45851d8f1f08b041ea37d2bd8d4fd19903bc3083d80c896",
                "sha256:abd808f9c129ba2beda4cfc53bde801e5bcf9d6e0f22f095e45327c038bfe68e",
                "sha256:ac0f5edd2360eea2f1daa9e26a41db02dd4b0451b48f7c318e217ee092a213e9",
                "sha256:b29ebffcf550f9da55bec9e02ad430c992a87e5f512cd63388abb76f1036d8d2",
                "sha256:b2ca4e77f9f47c55c194982e10f058db063937845bb2b7a86c84a6cfe0aefa8b",
                "sha256:b7be2d771cdba2942e13215c4e340bfd76398e9227ad10402a8767ab1865d2e6",
                "sha256:b84834d0cf97e7d27dd5b7f3aca7b6e9263c56308ab9dc8aae9784abb774d404",
                "sha256:b86851a328eedc692acf81fb05444bdf1891747c25af7529e39ddafaf68a4f3f",
                "sha256:bcb3ef43e58665bbda2fb198698fcae6776483e0c4a631aa5647806c25e02cc0",
                "sha256:c0f31130ebc2d37cdd8e44605fb5fa7ad59049298b3f745c74fa74c62fbfcfc4",
                "sha256:c6a164aa47843fb1b01e941d385aab7215563bb8816d80ff3a363a9f8448a8dc",
                "sha256:d8a9d3ebe49f084ad71f9269834ceccbf398253c9fac910c4fd7053ff1386936",
                "sha256:db8e577c19c0fda0beb7e0d4e09e0ba74b1e4c092e0e40bfa12fe05b6f6d75ba",
                "sha256:dc9b18bf40cc75f66f40a7379f6a9513244fe33c0e8aa72e2d56b0196a7ef872",
                "sha256:e09f3ff613345df5e8c3667da1d918f9149bd623cd9070c983c013792a9a62eb",
                "sha256:e4108df7fe9b707191e55f33efbcb2d81928e10cea45527879a4749cbe472614",
                "sha256:e6024675e67af929088fda399b2094574609396b1decb609c55fa58b028a32a1",
                "sha256:e70f54f1796669ef691ca07d046cd81a29cb4deb1e5f942003f401c0c4a2695d",
                "sha256:e715596e683d2ce000574bae5d07bd522c781a822866c20495e52520564f0969",
                "sha256:e760191dd42581e023a68b758769e2da259b5d52e3103c6060ddc02c9edb8d7b",
                "sha256:ed86a35631f7bfbb28e108dd96773b9d5a6ce4811cf6ea468bb6a359b256b1e4",
                "sha256:ee07e47c12890ef248766a6e55bd38ebfb2bb8edd4142d56db91b21ea68b7627",
                "sha256:fa3a0128b152627161ce47201262d3140edb5a5c3da88d73a1b790a959126956",
                "sha256:fcc8eb6d5902bb1cf6dc4f187ee3ea80a1eba0a89aba40a5cb20a5087d961357"
            ],
            "markers": "python_version >= '3.8'",
            "version": "==1.16.0"
        },
        "cssselect2": {
            "hashes": [
                "sha256:1ccd984dab89fc68955043aca4e1b03e0cf29cad9880f6e28e3ba7a74b14aa5a",
                "sha256:fd23a65bfd444595913f02fc71f6b286c29261e354c41d722ca7a261a49b5969"
            ],
            "markers": "python_version >= '3.7'",
            "version": "==0.7.0"
        },
        "dj-database-url": {
            "hashes": [
                "sha256:04bc34b248d4c21aaa13e4ab419ae6575ef5f10f3df735ce7da97722caa356e0",
                "sha256:f2042cefe1086e539c9da39fad5ad7f61173bf79665e69bf7e4de55fa88b135f"
            ],
            "index": "pypi",
            "version": "==2.1.0"
        },
        "django": {
            "hashes": [
                "sha256:5e5c1c9548ffb7796b4a8a4782e9a2e5a3df3615259fc1bfd3ebc73b646146c1",
                "sha256:b6b2b5cae821077f137dc4dade696a1c2aa292f892eca28fa8d7bfdf2608ddd4"
            ],
            "index": "pypi",
            "markers": "python_version >= '3.8'",
            "version": "==4.2.5"
        },
        "django-browser-reload": {
            "hashes": [
                "sha256:2dc98c752b55d22db9c11fbc0274c16160ce4dcd67ef0ef294135ab57d711435",
                "sha256:6c10b4b59a5aa7a412284d7c909fb5b80199e98a488f5b24da5c49b090d1ef3f"
            ],
            "version": "==1.12.0"
        },
        "django-tailwind": {
            "extras": [
                "reload"
            ],
            "hashes": [
                "sha256:93db0ed1c18ae21ee8ad7f19f96744f5b2322e9d9872307a06e0f45b21cbe60a",
                "sha256:d878222a4ef957d1d0f0529dcd28b0065995ca6b8c7b43b058b9214c9e7d8ec0"
            ],
            "markers": "python_full_version >= '3.8.1' and python_full_version < '4.0.0'",
            "version": "==3.6.0"
        },
        "fonttools": {
            "extras": [
                "woff"
            ],
            "hashes": [
                "sha256:05d7c4d2c95b9490e669f3cb83918799bf1c838619ac6d3bad9ea017cfc63f2e",
                "sha256:0f412954275e594f7a51c16f3b3edd850acb0d842fefc33856b63a17e18499a5",
                "sha256:22ea8aa7b3712450b42b044702bd3a64fd118006bad09a6f94bd1b227088492e",
                "sha256:2db63941fee3122e31a21dd0f5b2138ce9906b661a85b63622421d3654a74ae2",
                "sha256:2e91e19b583961979e2e5a701269d3cfc07418963bee717f8160b0a24332826b",
                "sha256:31b38528f25bc662401e6ffae14b3eb7f1e820892fd80369a37155e3b636a2f4",
                "sha256:3d29509f6e05e8d725db59c2d8c076223d793e4e35773040be6632a0349f2f97",
                "sha256:46c79af80a835410874683b5779b6c1ec1d5a285e11c45b5193e79dd691eb111",
                "sha256:4e90dd81b6e0d97ebfe52c0d12a17a9ef7f305d6bfbb93081265057d6092f252",
                "sha256:50d25893885e80a5955186791eed5579f1e75921751539cc1dc3ffd1160b48cf",
                "sha256:518a945dbfe337744bfff31423c1430303b8813c5275dffb0f2577f0734a1189",
                "sha256:54efed22b2799a85475e6840e907c402ba49892c614565dc770aa97a53621b2b",
                "sha256:58af428746fa73a2edcbf26aff33ac4ef3c11c8d75bb200eaea2f7e888d2de4e",
                "sha256:59b6ad83cce067d10f4790c037a5904424f45bebb5e7be2eb2db90402f288267",
                "sha256:63a3112f753baef8c6ac2f5f574bb9ac8001b86c8c0c0380039db47a7f512d20",
                "sha256:66bc6efd829382f7a7e6cf33c2fb32b13edc8a239eb15f32acbf197dce7a0165",
                "sha256:6999e80a125b0cd8e068d0210b63323f17338038c2ecd2e11b9209ec430fe7f2",
                "sha256:6d16d9634ff1e5cea2cf4a8cbda9026f766e4b5f30b48f8180f0e99133d3abfc",
                "sha256:84f308b7a8d28208d54315d11d35f9888d6d607673dd4d42d60b463682ee0400",
                "sha256:9ee8692e23028564c13d924004495f284df8ac016a19f17a87251210e1f1f928",
                "sha256:a3da036b016c975c2d8c69005bdc4d5d16266f948a7fab950244e0f58301996a",
                "sha256:a7aec7f5d14dfcd71fb3ebc299b3f000c21fdc4043079101777ed2042ba5b7c5",
                "sha256:a8a1fa9a718de0bc026979c93e1e9b55c5efde60d76f91561fd713387573817d",
                "sha256:a8b99713d3a0d0e876b6aecfaada5e7dc9fe979fcd90ef9fa0ba1d9b9aed03f2",
                "sha256:b63da598d9cbc52e2381f922da0e94d60c0429f92207bd3fb04d112fc82ea7cb",
                "sha256:b6e6aa2d066f8dafd06d8d0799b4944b5d5a1f015dd52ac01bdf2895ebe169a0",
                "sha256:b99fe8ef4093f672d00841569d2d05691e50334d79f4d9c15c1265d76d5580d2",
                "sha256:b9beb0fa6ff3ea808ad4a6962d68ac0f140ddab080957b20d9e268e4d67fb335",
                "sha256:b9eab7f9837fdaa2a10a524fbcc2ec24bf60637c044b6e4a59c3f835b90f0fae",
                "sha256:bca49da868e8bde569ef36f0cc1b6de21d56bf9c3be185c503b629c19a185287",
                "sha256:c05064f95aacdfc06f21e55096c964b2228d942b8675fa26995a2551f6329d2d",
                "sha256:c2de1fb18198acd400c45ffe2aef5420c8d55fde903e91cba705596099550f3b",
                "sha256:c794de4086f06ae609b71ac944ec7deb09f34ecf73316fddc041087dd24bba39",
                "sha256:d4fa4f4bc8fd86579b8cdbe5e948f35d82c0eda0091c399d009b2a5a6b61c040",
                "sha256:dab3d00d27b1a79ae4d4a240e8ceea8af0ff049fd45f05adb4f860d93744110d",
                "sha256:dbac86d83d96099890e731cc2af97976ff2c98f4ba432fccde657c5653a32f1c",
                "sha256:df40daa6c03b98652ffe8110ae014fe695437f6e1cb5a07e16ea37f40e73ac86",
                "sha256:e1cd1c6bb097e774d68402499ff66185190baaa2629ae2f18515a2c50b93db0c",
                "sha256:e8ff7d19a6804bfd561cfcec9b4200dd1788e28f7de4be70189801530c47c1b3",
                "sha256:eb01c49c8aa035d5346f46630209923d4927ed15c2493db38d31da9f811eb70d",
                "sha256:f53526668beccdb3409c6055a4ffe50987a7f05af6436fa55d61f5e7bd450219",
                "sha256:f611c97678604e302b725f71626edea113a5745a7fb557c958b39edb6add87d5"
            ],
            "markers": "python_version >= '3.8'",
            "version": "==4.44.0"
        },
        "gunicorn": {
            "hashes": [
                "sha256:3213aa5e8c24949e792bcacfc176fef362e7aac80b76c56f6b5122bf350722f0",
                "sha256:88ec8bff1d634f98e61b9f65bc4bf3cd918a90806c6f5c48bc5603849ec81033"
            ],
            "index": "pypi",
            "markers": "python_version >= '3.5'",
            "version": "==21.2.0"
        },
        "html5lib": {
            "hashes": [
                "sha256:0d78f8fde1c230e99fe37986a60526d7049ed4bf8a9fadbad5f00e22e58e041d",
                "sha256:b2e5b40261e20f354d198eae92afc10d750afb487ed5e50f9c4eaf07c184146f"
            ],
            "markers": "python_version >= '2.7' and python_version not in '3.0, 3.1, 3.2, 3.3, 3.4'",
            "version": "==1.1"
        },
        "install": {
            "hashes": [
                "sha256:0d3fadf4aa62c95efe8d34757c8507eb46177f86c016c21c6551eafc6a53d5a9",
                "sha256:e67c8a0be5ccf8cb4ffa17d090f3a61b6e820e6a7e21cd1d2c0f7bc59b18e647"
            ],
            "index": "pypi",
            "markers": "python_version >= '2.7'",
            "version": "==1.3.5"
        },
        "mysqlclient": {
            "hashes": [
                "sha256:004fe1d30d2c2ff8072f8ea513bcec235fd9b896f70dad369461d0ad7e570e98",
                "sha256:04368445f9c487d8abb7a878e3d23e923e6072c04a6c320f9e0dc8a82efba14e",
                "sha256:530ece9995a36cadb6211b9787f0c9e05cdab6702549bdb4236af5e9b535ed6a",
                "sha256:5670679ff1be1cc3fef0fa81bf39f0cd70605ba121141050f02743eb878ac114",
                "sha256:68837b6bb23170acffb43ae411e47533a560b6360c06dac39aa55700972c93b2",
                "sha256:955dba905a7443ce4788c63fdb9f8d688316260cf60b20ff51ac3b1c77616ede",
                "sha256:9c6b142836c7dba4f723bf9c93cc46b6e5081d65b2af807f400dda9eb85a16d0"
            ],
            "index": "pypi",
            "markers": "python_version >= '3.8'",
            "version": "==2.2.0"
        },
        "packaging": {
            "hashes": [
                "sha256:048fb0e9405036518eaaf48a55953c750c11e1a1b68e0dd1a9d62ed0c092cfc5",
                "sha256:8c491190033a9af7e1d931d0b5dacc2ef47509b34dd0de67ed209b5203fc88c7"
            ],
            "markers": "python_version >= '3.7'",
            "version": "==23.2"
        },
        "pillow": {
            "hashes": [
                "sha256:00f438bb841382b15d7deb9a05cc946ee0f2c352653c7aa659e75e592f6fa17d",
                "sha256:0248f86b3ea061e67817c47ecbe82c23f9dd5d5226200eb9090b3873d3ca32de",
                "sha256:04f6f6149f266a100374ca3cc368b67fb27c4af9f1cc8cb6306d849dcdf12616",
                "sha256:062a1610e3bc258bff2328ec43f34244fcec972ee0717200cb1425214fe5b839",
                "sha256:0a026c188be3b443916179f5d04548092e253beb0c3e2ee0a4e2cdad72f66099",
                "sha256:0f7c276c05a9767e877a0b4c5050c8bee6a6d960d7f0c11ebda6b99746068c2a",
                "sha256:1a8413794b4ad9719346cd9306118450b7b00d9a15846451549314a58ac42219",
                "sha256:1ab05f3db77e98f93964697c8efc49c7954b08dd61cff526b7f2531a22410106",
                "sha256:1c3ac5423c8c1da5928aa12c6e258921956757d976405e9467c5f39d1d577a4b",
                "sha256:1c41d960babf951e01a49c9746f92c5a7e0d939d1652d7ba30f6b3090f27e412",
                "sha256:1fafabe50a6977ac70dfe829b2d5735fd54e190ab55259ec8aea4aaea412fa0b",
                "sha256:1fb29c07478e6c06a46b867e43b0bcdb241b44cc52be9bc25ce5944eed4648e7",
                "sha256:24fadc71218ad2b8ffe437b54876c9382b4a29e030a05a9879f615091f42ffc2",
                "sha256:2cdc65a46e74514ce742c2013cd4a2d12e8553e3a2563c64879f7c7e4d28bce7",
                "sha256:2ef6721c97894a7aa77723740a09547197533146fba8355e86d6d9a4a1056b14",
                "sha256:3b834f4b16173e5b92ab6566f0473bfb09f939ba14b23b8da1f54fa63e4b623f",
                "sha256:3d929a19f5469b3f4df33a3df2983db070ebb2088a1e145e18facbc28cae5b27",
                "sha256:41f67248d92a5e0a2076d3517d8d4b1e41a97e2df10eb8f93106c89107f38b57",
                "sha256:47e5bf85b80abc03be7455c95b6d6e4896a62f6541c1f2ce77a7d2bb832af262",
                "sha256:4d0152565c6aa6ebbfb1e5d8624140a440f2b99bf7afaafbdbf6430426497f28",
                "sha256:50d08cd0a2ecd2a8657bd3d82c71efd5a58edb04d9308185d66c3a5a5bed9610",
                "sha256:61f1a9d247317fa08a308daaa8ee7b3f760ab1809ca2da14ecc88ae4257d6172",
                "sha256:6932a7652464746fcb484f7fc3618e6503d2066d853f68a4bd97193a3996e273",
                "sha256:7a7e3daa202beb61821c06d2517428e8e7c1aab08943e92ec9e5755c2fc9ba5e",
                "sha256:7dbaa3c7de82ef37e7708521be41db5565004258ca76945ad74a8e998c30af8d",
                "sha256:7df5608bc38bd37ef585ae9c38c9cd46d7c81498f086915b0f97255ea60c2818",
                "sha256:806abdd8249ba3953c33742506fe414880bad78ac25cc9a9b1c6ae97bedd573f",
                "sha256:883f216eac8712b83a63f41b76ddfb7b2afab1b74abbb413c5df6680f071a6b9",
                "sha256:912e3812a1dbbc834da2b32299b124b5ddcb664ed354916fd1ed6f193f0e2d01",
                "sha256:937bdc5a7f5343d1c97dc98149a0be7eb9704e937fe3dc7140e229ae4fc572a7",
                "sha256:9882a7451c680c12f232a422730f986a1fcd808da0fd428f08b671237237d651",
                "sha256:9a92109192b360634a4489c0c756364c0c3a2992906752165ecb50544c251312",
                "sha256:9d7bc666bd8c5a4225e7ac71f2f9d12466ec555e89092728ea0f5c0c2422ea80",
                "sha256:a5f63b5a68daedc54c7c3464508d8c12075e56dcfbd42f8c1bf40169061ae666",
                "sha256:a646e48de237d860c36e0db37ecaecaa3619e6f3e9d5319e527ccbc8151df061",
                "sha256:a89b8312d51715b510a4fe9fc13686283f376cfd5abca8cd1c65e4c76e21081b",
                "sha256:a92386125e9ee90381c3369f57a2a50fa9e6aa8b1cf1d9c4b200d41a7dd8e992",
                "sha256:ae88931f93214777c7a3aa0a8f92a683f83ecde27f65a45f95f22d289a69e593",
                "sha256:afc8eef765d948543a4775f00b7b8c079b3321d6b675dde0d02afa2ee23000b4",
                "sha256:b0eb01ca85b2361b09480784a7931fc648ed8b7836f01fb9241141b968feb1db",
                "sha256:b1c25762197144e211efb5f4e8ad656f36c8d214d390585d1d21281f46d556ba",
                "sha256:b4005fee46ed9be0b8fb42be0c20e79411533d1fd58edabebc0dd24626882cfd",
                "sha256:b920e4d028f6442bea9a75b7491c063f0b9a3972520731ed26c83e254302eb1e",
                "sha256:baada14941c83079bf84c037e2d8b7506ce201e92e3d2fa0d1303507a8538212",
                "sha256:bb40c011447712d2e19cc261c82655f75f32cb724788df315ed992a4d65696bb",
                "sha256:c0949b55eb607898e28eaccb525ab104b2d86542a85c74baf3a6dc24002edec2",
                "sha256:c9aeea7b63edb7884b031a35305629a7593272b54f429a9869a4f63a1bf04c34",
                "sha256:cfe96560c6ce2f4c07d6647af2d0f3c54cc33289894ebd88cfbb3bcd5391e256",
                "sha256:d27b5997bdd2eb9fb199982bb7eb6164db0426904020dc38c10203187ae2ff2f",
                "sha256:d921bc90b1defa55c9917ca6b6b71430e4286fc9e44c55ead78ca1a9f9eba5f2",
                "sha256:e6bf8de6c36ed96c86ea3b6e1d5273c53f46ef518a062464cd7ef5dd2cf92e38",
                "sha256:eaed6977fa73408b7b8a24e8b14e59e1668cfc0f4c40193ea7ced8e210adf996",
                "sha256:fa1d323703cfdac2036af05191b969b910d8f115cf53093125e4058f62012c9a",
                "sha256:fe1e26e1ffc38be097f0ba1d0d07fcade2bcfd1d023cda5b29935ae8052bd793"
            ],
            "index": "pypi",
            "markers": "python_version >= '3.8'",
            "version": "==10.1.0"
        },
        "pycodestyle": {
            "hashes": [
                "sha256:259bcc17857d8a8b3b4a2327324b79e5f020a13c16074670f9c8c8f872ea76d0",
                "sha256:5d1013ba8dc7895b548be5afb05740ca82454fd899971563d2ef625d090326f8"
            ],
            "index": "pypi",
            "markers": "python_version >= '3.8'",
            "version": "==2.11.0"
        },
        "pycparser": {
            "hashes": [
                "sha256:8ee45429555515e1f6b185e78100aea234072576aa43ab53aefcae078162fca9",
                "sha256:e644fdec12f7872f86c58ff790da456218b10f863970249516d60a5eaca77206"
            ],
            "version": "==2.21"
        },
        "pydyf": {
            "hashes": [
                "sha256:901186a2e9f897108139426a6486f5225bdcc9b70be2ec965f25111e42f8ac5d",
                "sha256:b22b1ef016141b54941ad66ed4e036a7bdff39c0b360993b283875c3f854dd9a"
            ],
            "markers": "python_version >= '3.7'",
            "version": "==0.8.0"
        },
        "pyphen": {
            "hashes": [
                "sha256:414c9355958ca3c6a3ff233f65678c245b8ecb56418fb291e2b93499d61cd510",
                "sha256:596c8b3be1c1a70411ba5f6517d9ccfe3083c758ae2b94a45f2707346d8e66fa"
            ],
            "markers": "python_version >= '3.7'",
            "version": "==0.14.0"
        },
        "six": {
            "hashes": [
                "sha256:1e61c37477a1626458e36f7b1d82aa5c9b094fa4802892072e49de9c60c4c926",
                "sha256:8abb2f1d86890a2dfb989f9a77cfcfd3e47c2a354b01111771326f8aa26e0254"
            ],
            "markers": "python_version >= '2.7' and python_version not in '3.0, 3.1, 3.2, 3.3'",
            "version": "==1.16.0"
        },
        "sqlparse": {
            "hashes": [
                "sha256:5430a4fe2ac7d0f93e66f1efc6e1338a41884b7ddf2a350cedd20ccc4d9d28f3",
                "sha256:d446183e84b8349fa3061f0fe7f06ca94ba65b426946ffebe6e3e8295332420c"
            ],
            "markers": "python_version >= '3.5'",
            "version": "==0.4.4"
        },
        "tailwindcss": {
            "hashes": [
                "sha256:2ba71105662701a522a13367844f7f5e8830456da69f30048291440431f8875b"
            ],
            "index": "pypi",
            "version": "==0.0.1"
        },
        "tinycss2": {
            "hashes": [
                "sha256:2b80a96d41e7c3914b8cda8bc7f705a4d9c49275616e886103dd839dfc847847",
                "sha256:8cff3a8f066c2ec677c06dbc7b45619804a6938478d9d73c284b29d14ecb0627"
            ],
            "markers": "python_version >= '3.7'",
            "version": "==1.2.1"
        },
        "typing-extensions": {
            "hashes": [
                "sha256:8f92fc8806f9a6b641eaa5318da32b44d401efaac0f6678c9bc448ba3605faa0",
                "sha256:df8e4339e9cb77357558cbdbceca33c303714cf861d1eef15e1070055ae8b7ef"
            ],
            "markers": "python_version >= '3.8'",
            "version": "==4.8.0"
        },
        "tzdata": {
            "hashes": [
                "sha256:11ef1e08e54acb0d4f95bdb1be05da659673de4acbd21bf9c69e94cc5e907a3a",
                "sha256:7e65763eef3120314099b6939b5546db7adce1e7d6f2e179e3df563c70511eda"
            ],
            "index": "pypi",
            "markers": "python_version >= '2'",
            "version": "==2023.3"
        },
        "weasyprint": {
            "hashes": [
                "sha256:55227e5e44f5f34bc9cec651329bd38d063ef7d29151d4b058d4af1ca943d4a7",
                "sha256:56b9812280118357b0f63b1efe18199e08343d4a56a3393c1d475ab878cea26a"
            ],
            "index": "pypi",
            "markers": "python_version >= '3.7'",
            "version": "==60.1"
        },
        "webencodings": {
            "hashes": [
                "sha256:a0af1213f3c2226497a97e2b3aa01a7e4bee4f403f95be16fc9acd2947514a78",
                "sha256:b36a1c245f2d304965eb4e0a82848379241dc04b865afcc4aab16748587e1923"
            ],
            "version": "==0.5.1"
        },
        "zopfli": {
            "hashes": [
                "sha256:0574372283befa5af98fb31407e1fe6822f2f9c437ef69e7fa260e49022d8a65",
                "sha256:082f030b2b7d6d4597ac517816e499c63b92130aa8f4f74a3788ebaa5770f974",
                "sha256:08d105a49576a9e629f53a710f0009c4bf0a1d8a3239a74e41d0944f26e28a61",
                "sha256:09ad5f8d7e0fe1975ca6d9fd5ad61c74233ae277982d3bc8814b599bbeb92f44",
                "sha256:0fbb6e7fc0da56835167e3c83a45b28e99ba14b671ecb8e51100ad03dfffc3d0",
                "sha256:13d151d5c83980f384439c87a5511853890182c05d93444f3cb05e5ceed37d82",
                "sha256:1c5fd29730024f5fb0e2623e3853ca422bd3cf57042389c8e0e771dc47f88084",
                "sha256:1f25f1bb6440ed90a1d458772fa6ce53632f5fb61e435b12ae6b9b39af98d758",
                "sha256:2073b07c3ec4fcbc895bb02565a90f9f31373233979f6be398e82eacbd1105f3",
                "sha256:22b1cfc398a87754730f7e268693c8eb480cb688fd645648fda85614a8b1c08c",
                "sha256:2770cf6b88e9985c79b90fd6d4c15d8dab0caa37c1c3b17773e61ce857eab586",
                "sha256:27f2b58050f84fa059db7a6ec17d98b388c18f9783551e5f97605f790f25e155",
                "sha256:2da6f30632cefda8ebe032fdcb69cf062f5a6435af9d32de82ccef320e0261f5",
                "sha256:31c467a300ba46f55aa0ea958ea388e350eefd039cf15764bf4cd737d5eeb8a6",
                "sha256:39d8a73bee07cf7f2c73e08508bf788bfdf28a527da353b5d3e2a0ee4aaf770c",
                "sha256:3e4675ca4c7b1215b8a53cec1831cbdb6914f91ea2f183817a06fc7b38e27642",
                "sha256:40665bf0bacc8b82652a1af4016648dd69f896afa59fc481c1d19a222aa746ea",
                "sha256:40b830244e6458ef982b4a5ebb0f228986d481408bae557a95eeece2c5ede4e6",
                "sha256:52438999888715a378fc6fe1477ab7813e9e9b58a27a38d2ad7be0e396b1ab2e",
                "sha256:57f93802e5ddb20647747ee4039a2e18a26e91bac4c41d3d75a2b2c97f270549",
                "sha256:5e52aaab3a93470cf0ff2bb2135a8628dda7b70f675c46f35b6a1b30e8e482f4",
                "sha256:6020a3533c6c7be09db9e59c2a8f3f894bf5d8e95cc01890d82114c923317c57",
                "sha256:61a2fcc624e8b038d4fca84ba927dc3f31df53a7284692d46aa44d16fb3f47b2",
                "sha256:61abe5f11400f9c6b22be578091e28dfb9f1a61efaaeaa2da66138b03ee93072",
                "sha256:6225bbc33c4f803cdc1e71e3028af96dd0e1ed3cf061780d1bf05648df616a05",
                "sha256:711d4fde9cb99e1a9158978e9d1624a37cdd170ff057f6340059514fcf38e808",
                "sha256:72349c78da402e6784bd9c5f4aff5cc7017bd969016ec07b656722f7f29fc975",
                "sha256:7463b42a2cee33f0a018bf8f1304da2379d6cb8111aa4e04d8f8590d0f1099e1",
                "sha256:7599ce108386d91a402969cba4f17247e33a594b21cbd662e008414ccb0b4cf7",
                "sha256:7769f6ca73f37dff92159127bd25b0cc7d81d3feb819d355dc7ac01ad05c673d",
                "sha256:78022777139ac973286219e9e085d9496fb6c935502d93a52bd1bed01dfc2002",
                "sha256:7bc89b71d1c4677f708cc162f40a4560f78f5f4c6aa6d884b423df7d38e8ba0b",
                "sha256:7ddcbc258bb5c07ebb7f6ee64c46d4e35c39c6abba2b3dfa72c0ea4daf9e65fc",
                "sha256:7ebb4e1b0f102d431830151041777c55700d12afd1e5adb5bcbce72037c1a10e",
                "sha256:81d61eba5a8e221b297a1dd27f1dae2785a14a5524cc1e144da53705cf90d5c4",
                "sha256:8293062567917201609b28b865289d5ddee55030c779fa9264caae4cc2e00fb3",
                "sha256:84321886cf3e80e086e0f6f7b765975343aafa61165315bb8db514d0bec2d887",
                "sha256:92ca61eaa1df774908c173683e23c512189bf791a7ebb49fac61324658cff490",
                "sha256:975d45745cf6c3e3b61127e0140dcf145fa515f2021f669bd82768937b7bb1fb",
                "sha256:978395a4ce5cc46db29a36cdb80549b564dc7706237abaca5aac328dd5842f65",
                "sha256:97d2f993142fed4f9c11c1766eb53409efe7298c755cf4599c171bfedcbaddae",
                "sha256:9dcf7af42c11b3cf5d3fbf665799e10f54f66caea2020fe304602df83b9a1a69",
                "sha256:ad2a98890045d13b0cdc93c1637990c211dc877493469afc61a097a00a70cf22",
                "sha256:ae890df6e5f1e8fa0697cafd848826decce0ac53e54e5a018fd97775e3a354c0",
                "sha256:b30a922b9d73f22da2b589b35e594dcc6d144eb38ad890c542f2b92902ba9892",
                "sha256:c1afe5ba0d957e462afbd3da116ac1a2a6d23e8a94436a95b692c5c324694a16",
                "sha256:c3c61787a90439cf68f751b2a1ab789b0805876c0cd9b58398adc212d1eeace5",
                "sha256:c6555293e42e7a9154940bb18613de2abce21a855780baff8a6c372e395c59b3",
                "sha256:ca9a6df3d11c2f8f0356c141523c4914a2850dd39fc213d968c0272db635eea9",
                "sha256:d0a8e556916088fadb098ddb6eed034d5c2df3b8fba7f2488e87e8c224002eca",
                "sha256:d40373db61883f6fc8b7040c9196a16f737e3063632afd15e8b3f25e871a30e8",
                "sha256:dbc9841bedd736041eb5e6982cd92da93bee145745f5422f3795f6f258cdc6ef",
                "sha256:dc59299eda2aaf57f0ee5c4b42ada0b80e3dc4c09c5bdda8ee9ae5cf93fafa9e",
                "sha256:deffa15253a43a597e8ebf82ca1908bd70b3bf899da163b017d49ddd5e12732a",
                "sha256:e4068d4d35b2e63898d22e1b7777d986b8f5d61fe83a77973730ce9cff1b4ba1",
                "sha256:e5f62ca9a947f09f531c721e2a3f2e0094523436b8eb5df18d71245c1924f89a",
                "sha256:eef08c02295bb99c7fdca380c52e5454fa1c08025fb0bea2c7ae6c0e1e9c034b",
                "sha256:f07997453e7777e19ef0a2445cc1b90e1bb90c623dd77554325932dea6350fee",
                "sha256:f48de4818c10c539fdd01276512043ae4ae738e0301e9cace1dd38f4bcffad6a",
                "sha256:f69b161b4d49e256ab285c6c6ee1cf217fda864a9b175d24fa0a0b8c2de9ff13",
                "sha256:ff86a2cd6b9864027861a129d6d73231b6d463f0d364ca0fdca4492390357cba"
            ],
            "version": "==0.2.3"
        }
    },
    "develop": {}
}
